
Microsoft Visual Studio Solution File, Format Version 9.00
# Visual Studio 2005
Project("{8BC9CEB8-8B4A-11D0-8D11-00A0C91BC942}") = "ShadowMapDemo", "ShadowMapDemo.vcproj", "{C73679C0-FAB9-44A1-B4BC-48F2062FFE9A}"
EndProject
Global
	GlobalSection(SolutionConfigurationPlatforms) = preSolution
		Debug|Win32 = Debug|Win32
		Release|Win32 = Release|Win32
	EndGlobalSection
	GlobalSection(ProjectConfigurationPlatforms) = postSolution
		{C73679C0-FAB9-44A1-B4BC-48F2062FFE9A}.Debug|Win32.ActiveCfg = Debug|Win32
		{C73679C0-FAB9-44A1-B4BC-48F2062FFE9A}.Debug|Win32.Build.0 = Debug|Win32
		{C73679C0-FAB9-44A1-B4BC-48F2062FFE9A}.Release|Win32.ActiveCfg = Release|Win32
		{C73679C0-FAB9-44A1-B4BC-48F2062FFE9A}.Release|Win32.Build.0 = Release|Win32
	EndGlobalSection
	GlobalSection(SolutionProperties) = preSolution
		HideSolutionNode = FALSE
	EndGlobalSection
EndGlobal
